
Microsoft Visual Studio Solution File, Format Version 12.00
# Visual Studio Version 16
VisualStudioVersion = 16.0.30717.126
MinimumVisualStudioVersion = 10.0.40219.1
Project("{FAE04EC0-301F-11D3-BF4B-00C04F79EFBC}") = "SuperChat", "SuperChat\SuperChat.csproj", "{FE10E795-A63A-480C-BB65-6E966B6BE211}"
EndProject
Project("{FAE04EC0-301F-11D3-BF4B-00C04F79EFBC}") = "SuperChat.Datamodel", "SuperChat.Datamodel\SuperChat.Datamodel.csproj", "{3895EECE-0896-4D91-88BC-4795E6A52A62}"
EndProject
Project("{FAE04EC0-301F-11D3-BF4B-00C04F79EFBC}") = "SuperChat.Core", "SuperChat.Core\SuperChat.Core.csproj", "{1F6F1F7C-89F0-4C1B-8FD5-ADCB09F2D38C}"
EndProject
Project("{FAE04EC0-301F-11D3-BF4B-00C04F79EFBC}") = "SuperChat.API", "SuperChat.API\SuperChat.API.csproj", "{5376AC95-A8D2-41D0-AC6D-EEA2DCFBFDC8}"
EndProject
Project("{FAE04EC0-301F-11D3-BF4B-00C04F79EFBC}") = "SuperChat.Services", "SuperChat.Services\SuperChat.Services.csproj", "{C32976B7-9922-42FC-A6F8-66857B3382B5}"
EndProject
Project("{FAE04EC0-301F-11D3-BF4B-00C04F79EFBC}") = "SuperChat.BL", "SuperChat.BL\SuperChat.BL.csproj", "{6917AD61-17CD-48CD-B67B-1731420DE3C4}"
EndProject
Project("{FAE04EC0-301F-11D3-BF4B-00C04F79EFBC}") = "SuperChat.Bot", "SuperChat.Bot\SuperChat.Bot.csproj", "{5F280D3F-B1C1-4772-B0B4-A0556892E42A}"
EndProject
Project("{FAE04EC0-301F-11D3-BF4B-00C04F79EFBC}") = "SuperChat.Test", "SuperChat.Test\SuperChat.Test.csproj", "{78A48624-2D9D-490E-BFC0-4602FEC59A24}"
EndProject
Global
	GlobalSection(SolutionConfigurationPlatforms) = preSolution
		Debug|Any CPU = Debug|Any CPU
		Release|Any CPU = Release|Any CPU
	EndGlobalSection
	GlobalSection(ProjectConfigurationPlatforms) = postSolution
		{FE10E795-A63A-480C-BB65-6E966B6BE211}.Debug|Any CPU.ActiveCfg = Debug|Any CPU
		{FE10E795-A63A-480C-BB65-6E966B6BE211}.Debug|Any CPU.Build.0 = Debug|Any CPU
		{FE10E795-A63A-480C-BB65-6E966B6BE211}.Release|Any CPU.ActiveCfg = Release|Any CPU
		{FE10E795-A63A-480C-BB65-6E966B6BE211}.Release|Any CPU.Build.0 = Release|Any CPU
		{3895EECE-0896-4D91-88BC-4795E6A52A62}.Debug|Any CPU.ActiveCfg = Debug|Any CPU
		{3895EECE-0896-4D91-88BC-4795E6A52A62}.Debug|Any CPU.Build.0 = Debug|Any CPU
		{3895EECE-0896-4D91-88BC-4795E6A52A62}.Release|Any CPU.ActiveCfg = Release|Any CPU
		{3895EECE-0896-4D91-88BC-4795E6A52A62}.Release|Any CPU.Build.0 = Release|Any CPU
		{1F6F1F7C-89F0-4C1B-8FD5-ADCB09F2D38C}.Debug|Any CPU.ActiveCfg = Debug|Any CPU
		{1F6F1F7C-89F0-4C1B-8FD5-ADCB09F2D38C}.Debug|Any CPU.Build.0 = Debug|Any CPU
		{1F6F1F7C-89F0-4C1B-8FD5-ADCB09F2D38C}.Release|Any CPU.ActiveCfg = Release|Any CPU
		{1F6F1F7C-89F0-4C1B-8FD5-ADCB09F2D38C}.Release|Any CPU.Build.0 = Release|Any CPU
		{5376AC95-A8D2-41D0-AC6D-EEA2DCFBFDC8}.Debug|Any CPU.ActiveCfg = Debug|Any CPU
		{5376AC95-A8D2-41D0-AC6D-EEA2DCFBFDC8}.Debug|Any CPU.Build.0 = Debug|Any CPU
		{5376AC95-A8D2-41D0-AC6D-EEA2DCFBFDC8}.Release|Any CPU.ActiveCfg = Release|Any CPU
		{5376AC95-A8D2-41D0-AC6D-EEA2DCFBFDC8}.Release|Any CPU.Build.0 = Release|Any CPU
		{C32976B7-9922-42FC-A6F8-66857B3382B5}.Debug|Any CPU.ActiveCfg = Debug|Any CPU
		{C32976B7-9922-42FC-A6F8-66857B3382B5}.Debug|Any CPU.Build.0 = Debug|Any CPU
		{C32976B7-9922-42FC-A6F8-66857B3382B5}.Release|Any CPU.ActiveCfg = Release|Any CPU
		{C32976B7-9922-42FC-A6F8-66857B3382B5}.Release|Any CPU.Build.0 = Release|Any CPU
		{6917AD61-17CD-48CD-B67B-1731420DE3C4}.Debug|Any CPU.ActiveCfg = Debug|Any CPU
		{6917AD61-17CD-48CD-B67B-1731420DE3C4}.Debug|Any CPU.Build.0 = Debug|Any CPU
		{6917AD61-17CD-48CD-B67B-1731420DE3C4}.Release|Any CPU.ActiveCfg = Release|Any CPU
		{6917AD61-17CD-48CD-B67B-1731420DE3C4}.Release|Any CPU.Build.0 = Release|Any CPU
		{5F280D3F-B1C1-4772-B0B4-A0556892E42A}.Debug|Any CPU.ActiveCfg = Debug|Any CPU
		{5F280D3F-B1C1-4772-B0B4-A0556892E42A}.Debug|Any CPU.Build.0 = Debug|Any CPU
		{5F280D3F-B1C1-4772-B0B4-A0556892E42A}.Release|Any CPU.ActiveCfg = Release|Any CPU
		{5F280D3F-B1C1-4772-B0B4-A0556892E42A}.Release|Any CPU.Build.0 = Release|Any CPU
		{78A48624-2D9D-490E-BFC0-4602FEC59A24}.Debug|Any CPU.ActiveCfg = Debug|Any CPU
		{78A48624-2D9D-490E-BFC0-4602FEC59A24}.Debug|Any CPU.Build.0 = Debug|Any CPU
		{78A48624-2D9D-490E-BFC0-4602FEC59A24}.Release|Any CPU.ActiveCfg = Release|Any CPU
		{78A48624-2D9D-490E-BFC0-4602FEC59A24}.Release|Any CPU.Build.0 = Release|Any CPU
	EndGlobalSection
	GlobalSection(SolutionProperties) = preSolution
		HideSolutionNode = FALSE
	EndGlobalSection
	GlobalSection(ExtensibilityGlobals) = postSolution
		SolutionGuid = {0E92A71B-8FB7-4B03-815A-CD92E0F500EA}
	EndGlobalSection
EndGlobal
